// !$*UTF8*$!
{
	archiveVersion = 1;
	classes = {
	};
	objectVersion = 56;
	objects = {

/* Begin PBXBuildFile section */
		81A351B62BAA353F00A25206 /* ToDoListApp.swift in Sources */ = {isa = PBXBuildFile; fileRef = 81A351B52BAA353F00A25206 /* ToDoListApp.swift */; };
		81A351B82BAA353F00A25206 /* ContentView.swift in Sources */ = {isa = PBXBuildFile; fileRef = 81A351B72BAA353F00A25206 /* ContentView.swift */; };
		81A351BA2BAA354000A25206 /* Assets.xcassets in Resources */ = {isa = PBXBuildFile; fileRef = 81A351B92BAA354000A25206 /* Assets.xcassets */; };
		81A351BD2BAA354000A25206 /* Preview Assets.xcassets in Resources */ = {isa = PBXBuildFile; fileRef = 81A351BC2BAA354000A25206 /* Preview Assets.xcassets */; };
		81A351BF2BAA354000A25206 /* Persistence.swift in Sources */ = {isa = PBXBuildFile; fileRef = 81A351BE2BAA354000A25206 /* Persistence.swift */; };
		81A351C22BAA354000A25206 /* ToDoList.xcdatamodeld in Sources */ = {isa = PBXBuildFile; fileRef = 81A351C02BAA354000A25206 /* ToDoList.xcdatamodeld */; };
		81A351CA2BAA362400A25206 /* AddToDoView.swift in Sources */ = {isa = PBXBuildFile; fileRef = 81A351C92BAA362400A25206 /* AddToDoView.swift */; };
		81A351CC2BAAEFCC00A25206 /* Launch Screen.storyboard in Resources */ = {isa = PBXBuildFile; fileRef = 81A351CB2BAAEFCC00A25206 /* Launch Screen.storyboard */; };
		81A351CE2BAAF1C800A25206 /* EmptyListView.swift in Sources */ = {isa = PBXBuildFile; fileRef = 81A351CD2BAAF1C800A25206 /* EmptyListView.swift */; };
		81A351D02BAB2D6300A25206 /* SettingsView.swift in Sources */ = {isa = PBXBuildFile; fileRef = 81A351CF2BAB2D6300A25206 /* SettingsView.swift */; };
		81A351D22BAC32BC00A25206 /* FormRowStaticView.swift in Sources */ = {isa = PBXBuildFile; fileRef = 81A351D12BAC32BC00A25206 /* FormRowStaticView.swift */; };
		81A351D42BAC35D500A25206 /* FormRowLinkView.swift in Sources */ = {isa = PBXBuildFile; fileRef = 81A351D32BAC35D500A25206 /* FormRowLinkView.swift */; };
		81A351DF2BAC41A100A25206 /* Pink Light.png in Resources */ = {isa = PBXBuildFile; fileRef = 81A351D62BAC41A100A25206 /* Pink Light.png */; };
		81A351E02BAC41A100A25206 /* Pink Dark.png in Resources */ = {isa = PBXBuildFile; fileRef = 81A351D72BAC41A100A25206 /* Pink Dark.png */; };
		81A351E12BAC41A100A25206 /* Green.png in Resources */ = {isa = PBXBuildFile; fileRef = 81A351D82BAC41A100A25206 /* Green.png */; };
		81A351E22BAC41A100A25206 /* Blue.png in Resources */ = {isa = PBXBuildFile; fileRef = 81A351D92BAC41A100A25206 /* Blue.png */; };
		81A351E32BAC41A100A25206 /* Blue Light.png in Resources */ = {isa = PBXBuildFile; fileRef = 81A351DA2BAC41A100A25206 /* Blue Light.png */; };
		81A351E42BAC41A100A25206 /* Green Dark.png in Resources */ = {isa = PBXBuildFile; fileRef = 81A351DB2BAC41A100A25206 /* Green Dark.png */; };
		81A351E52BAC41A100A25206 /* Blue Dark.png in Resources */ = {isa = PBXBuildFile; fileRef = 81A351DC2BAC41A100A25206 /* Blue Dark.png */; };
		81A351E62BAC41A100A25206 /* Pink.png in Resources */ = {isa = PBXBuildFile; fileRef = 81A351DD2BAC41A100A25206 /* Pink.png */; };
		81A351E72BAC41A100A25206 /* Green Light.png in Resources */ = {isa = PBXBuildFile; fileRef = 81A351DE2BAC41A100A25206 /* Green Light.png */; };
		81A351EA2BAC6EBA00A25206 /* IconNames.swift in Sources */ = {isa = PBXBuildFile; fileRef = 81A351E92BAC6EBA00A25206 /* IconNames.swift */; };
		81A351ED2BACE40000A25206 /* ThemeModel.swift in Sources */ = {isa = PBXBuildFile; fileRef = 81A351EC2BACE40000A25206 /* ThemeModel.swift */; };
		81A351EF2BACE46100A25206 /* ThemeData.swift in Sources */ = {isa = PBXBuildFile; fileRef = 81A351EE2BACE46100A25206 /* ThemeData.swift */; };
		81A351F22BACE53400A25206 /* ThemeSettings.swift in Sources */ = {isa = PBXBuildFile; fileRef = 81A351F12BACE53400A25206 /* ThemeSettings.swift */; };
/* End PBXBuildFile section */

/* Begin PBXFileReference section */
		81A351B22BAA353F00A25206 /* ToDoList.app */ = {isa = PBXFileReference; explicitFileType = wrapper.application; includeInIndex = 0; path = ToDoList.app; sourceTree = BUILT_PRODUCTS_DIR; };
		81A351B52BAA353F00A25206 /* ToDoListApp.swift */ = {isa = PBXFileReference; lastKnownFileType = sourcecode.swift; path = ToDoListApp.swift; sourceTree = "<group>"; };
		81A351B72BAA353F00A25206 /* ContentView.swift */ = {isa = PBXFileReference; lastKnownFileType = sourcecode.swift; path = ContentView.swift; sourceTree = "<group>"; };
		81A351B92BAA354000A25206 /* Assets.xcassets */ = {isa = PBXFileReference; lastKnownFileType = folder.assetcatalog; path = Assets.xcassets; sourceTree = "<group>"; };
		81A351BC2BAA354000A25206 /* Preview Assets.xcassets */ = {isa = PBXFileReference; lastKnownFileType = folder.assetcatalog; path = "Preview Assets.xcassets"; sourceTree = "<group>"; };
		81A351BE2BAA354000A25206 /* Persistence.swift */ = {isa = PBXFileReference; lastKnownFileType = sourcecode.swift; path = Persistence.swift; sourceTree = "<group>"; };
		81A351C12BAA354000A25206 /* ToDoList.xcdatamodel */ = {isa = PBXFileReference; lastKnownFileType = wrapper.xcdatamodel; path = ToDoList.xcdatamodel; sourceTree = "<group>"; };
		81A351C92BAA362400A25206 /* AddToDoView.swift */ = {isa = PBXFileReference; lastKnownFileType = sourcecode.swift; path = AddToDoView.swift; sourceTree = "<group>"; };
		81A351CB2BAAEFCC00A25206 /* Launch Screen.storyboard */ = {isa = PBXFileReference; lastKnownFileType = file.storyboard; path = "Launch Screen.storyboard"; sourceTree = "<group>"; };
		81A351CD2BAAF1C800A25206 /* EmptyListView.swift */ = {isa = PBXFileReference; lastKnownFileType = sourcecode.swift; path = EmptyListView.swift; sourceTree = "<group>"; };
		81A351CF2BAB2D6300A25206 /* SettingsView.swift */ = {isa = PBXFileReference; lastKnownFileType = sourcecode.swift; path = SettingsView.swift; sourceTree = "<group>"; };
		81A351D12BAC32BC00A25206 /* FormRowStaticView.swift */ = {isa = PBXFileReference; lastKnownFileType = sourcecode.swift; path = FormRowStaticView.swift; sourceTree = "<group>"; };
		81A351D32BAC35D500A25206 /* FormRowLinkView.swift */ = {isa = PBXFileReference; lastKnownFileType = sourcecode.swift; path = FormRowLinkView.swift; sourceTree = "<group>"; };
		81A351D62BAC41A100A25206 /* Pink Light.png */ = {isa = PBXFileReference; lastKnownFileType = image.png; path = "Pink Light.png"; sourceTree = "<group>"; };
		81A351D72BAC41A100A25206 /* Pink Dark.png */ = {isa = PBXFileReference; lastKnownFileType = image.png; path = "Pink Dark.png"; sourceTree = "<group>"; };
		81A351D82BAC41A100A25206 /* Green.png */ = {isa = PBXFileReference; lastKnownFileType = image.png; path = Green.png; sourceTree = "<group>"; };
		81A351D92BAC41A100A25206 /* Blue.png */ = {isa = PBXFileReference; lastKnownFileType = image.png; path = Blue.png; sourceTree = "<group>"; };
		81A351DA2BAC41A100A25206 /* Blue Light.png */ = {isa = PBXFileReference; lastKnownFileType = image.png; path = "Blue Light.png"; sourceTree = "<group>"; };
		81A351DB2BAC41A100A25206 /* Green Dark.png */ = {isa = PBXFileReference; lastKnownFileType = image.png; path = "Green Dark.png"; sourceTree = "<group>"; };
		81A351DC2BAC41A100A25206 /* Blue Dark.png */ = {isa = PBXFileReference; lastKnownFileType = image.png; path = "Blue Dark.png"; sourceTree = "<group>"; };
		81A351DD2BAC41A100A25206 /* Pink.png */ = {isa = PBXFileReference; lastKnownFileType = image.png; path = Pink.png; sourceTree = "<group>"; };
		81A351DE2BAC41A100A25206 /* Green Light.png */ = {isa = PBXFileReference; lastKnownFileType = image.png; path = "Green Light.png"; sourceTree = "<group>"; };
		81A351E82BAC42B100A25206 /* Info.plist */ = {isa = PBXFileReference; lastKnownFileType = text.plist; path = Info.plist; sourceTree = "<group>"; };
		81A351E92BAC6EBA00A25206 /* IconNames.swift */ = {isa = PBXFileReference; lastKnownFileType = sourcecode.swift; path = IconNames.swift; sourceTree = "<group>"; };
		81A351EC2BACE40000A25206 /* ThemeModel.swift */ = {isa = PBXFileReference; lastKnownFileType = sourcecode.swift; path = ThemeModel.swift; sourceTree = "<group>"; };
		81A351EE2BACE46100A25206 /* ThemeData.swift */ = {isa = PBXFileReference; lastKnownFileType = sourcecode.swift; path = ThemeData.swift; sourceTree = "<group>"; };
		81A351F12BACE53400A25206 /* ThemeSettings.swift */ = {isa = PBXFileReference; lastKnownFileType = sourcecode.swift; path = ThemeSettings.swift; sourceTree = "<group>"; };
/* End PBXFileReference section */

/* Begin PBXFrameworksBuildPhase section */
		81A351AF2BAA353F00A25206 /* Frameworks */ = {
			isa = PBXFrameworksBuildPhase;
			buildActionMask = 2147483647;
			files = (
			);
			runOnlyForDeploymentPostprocessing = 0;
		};
/* End PBXFrameworksBuildPhase section */

/* Begin PBXGroup section */
		81A351A92BAA353F00A25206 = {
			isa = PBXGroup;
			children = (
				81A351B42BAA353F00A25206 /* ToDoList */,
				81A351B32BAA353F00A25206 /* Products */,
			);
			sourceTree = "<group>";
		};
		81A351B32BAA353F00A25206 /* Products */ = {
			isa = PBXGroup;
			children = (
				81A351B22BAA353F00A25206 /* ToDoList.app */,
			);
			name = Products;
			sourceTree = "<group>";
		};
		81A351B42BAA353F00A25206 /* ToDoList */ = {
			isa = PBXGroup;
			children = (
				81A351EB2BACE3EA00A25206 /* Theme */,
				81A351E82BAC42B100A25206 /* Info.plist */,
				81A351D52BAC418A00A25206 /* icons */,
				81A351B52BAA353F00A25206 /* ToDoListApp.swift */,
				81A351C82BAA361A00A25206 /* View */,
				81A351B92BAA354000A25206 /* Assets.xcassets */,
				81A351CB2BAAEFCC00A25206 /* Launch Screen.storyboard */,
				81A351BE2BAA354000A25206 /* Persistence.swift */,
				81A351C02BAA354000A25206 /* ToDoList.xcdatamodeld */,
				81A351BB2BAA354000A25206 /* Preview Content */,
			);
			path = ToDoList;
			sourceTree = "<group>";
		};
		81A351BB2BAA354000A25206 /* Preview Content */ = {
			isa = PBXGroup;
			children = (
				81A351BC2BAA354000A25206 /* Preview Assets.xcassets */,
			);
			path = "Preview Content";
			sourceTree = "<group>";
		};
		81A351C82BAA361A00A25206 /* View */ = {
			isa = PBXGroup;
			children = (
				81A351C92BAA362400A25206 /* AddToDoView.swift */,
				81A351B72BAA353F00A25206 /* ContentView.swift */,
				81A351CD2BAAF1C800A25206 /* EmptyListView.swift */,
				81A351CF2BAB2D6300A25206 /* SettingsView.swift */,
				81A351D12BAC32BC00A25206 /* FormRowStaticView.swift */,
				81A351D32BAC35D500A25206 /* FormRowLinkView.swift */,
				81A351E92BAC6EBA00A25206 /* IconNames.swift */,
			);
			path = View;
			sourceTree = "<group>";
		};
		81A351D52BAC418A00A25206 /* icons */ = {
			isa = PBXGroup;
			children = (
				81A351DC2BAC41A100A25206 /* Blue Dark.png */,
				81A351DA2BAC41A100A25206 /* Blue Light.png */,
				81A351D92BAC41A100A25206 /* Blue.png */,
				81A351DB2BAC41A100A25206 /* Green Dark.png */,
				81A351DE2BAC41A100A25206 /* Green Light.png */,
				81A351D82BAC41A100A25206 /* Green.png */,
				81A351D72BAC41A100A25206 /* Pink Dark.png */,
				81A351D62BAC41A100A25206 /* Pink Light.png */,
				81A351DD2BAC41A100A25206 /* Pink.png */,
			);
			path = icons;
			sourceTree = "<group>";
		};
		81A351EB2BACE3EA00A25206 /* Theme */ = {
			isa = PBXGroup;
			children = (
				81A351EC2BACE40000A25206 /* ThemeModel.swift */,
				81A351EE2BACE46100A25206 /* ThemeData.swift */,
				81A351F12BACE53400A25206 /* ThemeSettings.swift */,
			);
			path = Theme;
			sourceTree = "<group>";
		};
/* End PBXGroup section */

/* Begin PBXNativeTarget section */
		81A351B12BAA353F00A25206 /* ToDoList */ = {
			isa = PBXNativeTarget;
			buildConfigurationList = 81A351C52BAA354000A25206 /* Build configuration list for PBXNativeTarget "ToDoList" */;
			buildPhases = (
				81A351AE2BAA353F00A25206 /* Sources */,
				81A351AF2BAA353F00A25206 /* Frameworks */,
				81A351B02BAA353F00A25206 /* Resources */,
			);
			buildRules = (
			);
			dependencies = (
			);
			name = ToDoList;
			productName = ToDoList;
			productReference = 81A351B22BAA353F00A25206 /* ToDoList.app */;
			productType = "com.apple.product-type.application";
		};
/* End PBXNativeTarget section */

/* Begin PBXProject section */
		81A351AA2BAA353F00A25206 /* Project object */ = {
			isa = PBXProject;
			attributes = {
				BuildIndependentTargetsInParallel = 1;
				LastSwiftUpdateCheck = 1530;
				LastUpgradeCheck = 1530;
				TargetAttributes = {
					81A351B12BAA353F00A25206 = {
						CreatedOnToolsVersion = 15.3;
					};
				};
			};
			buildConfigurationList = 81A351AD2BAA353F00A25206 /* Build configuration list for PBXProject "ToDoList" */;
			compatibilityVersion = "Xcode 14.0";
			developmentRegion = en;
			hasScannedForEncodings = 0;
			knownRegions = (
				en,
				Base,
			);
			mainGroup = 81A351A92BAA353F00A25206;
			productRefGroup = 81A351B32BAA353F00A25206 /* Products */;
			projectDirPath = "";
			projectRoot = "";
			targets = (
				81A351B12BAA353F00A25206 /* ToDoList */,
			);
		};
/* End PBXProject section */

/* Begin PBXResourcesBuildPhase section */
		81A351B02BAA353F00A25206 /* Resources */ = {
			isa = PBXResourcesBuildPhase;
			buildActionMask = 2147483647;
			files = (
				81A351CC2BAAEFCC00A25206 /* Launch Screen.storyboard in Resources */,
				81A351E32BAC41A100A25206 /* Blue Light.png in Resources */,
				81A351E12BAC41A100A25206 /* Green.png in Resources */,
				81A351E72BAC41A100A25206 /* Green Light.png in Resources */,
				81A351E22BAC41A100A25206 /* Blue.png in Resources */,
				81A351E52BAC41A100A25206 /* Blue Dark.png in Resources */,
				81A351E62BAC41A100A25206 /* Pink.png in Resources */,
				81A351BD2BAA354000A25206 /* Preview Assets.xcassets in Resources */,
				81A351BA2BAA354000A25206 /* Assets.xcassets in Resources */,
				81A351E42BAC41A100A25206 /* Green Dark.png in Resources */,
				81A351DF2BAC41A100A25206 /* Pink Light.png in Resources */,
				81A351E02BAC41A100A25206 /* Pink Dark.png in Resources */,
			);
			runOnlyForDeploymentPostprocessing = 0;
		};
/* End PBXResourcesBuildPhase section */

/* Begin PBXSourcesBuildPhase section */
		81A351AE2BAA353F00A25206 /* Sources */ = {
			isa = PBXSourcesBuildPhase;
			buildActionMask = 2147483647;
			files = (
				81A351D02BAB2D6300A25206 /* SettingsView.swift in Sources */,
				81A351F22BACE53400A25206 /* ThemeSettings.swift in Sources */,
				81A351D22BAC32BC00A25206 /* FormRowStaticView.swift in Sources */,
				81A351D42BAC35D500A25206 /* FormRowLinkView.swift in Sources */,
				81A351EF2BACE46100A25206 /* ThemeData.swift in Sources */,
				81A351ED2BACE40000A25206 /* ThemeModel.swift in Sources */,
				81A351BF2BAA354000A25206 /* Persistence.swift in Sources */,
				81A351CA2BAA362400A25206 /* AddToDoView.swift in Sources */,
				81A351CE2BAAF1C800A25206 /* EmptyListView.swift in Sources */,
				81A351B82BAA353F00A25206 /* ContentView.swift in Sources */,
				81A351B62BAA353F00A25206 /* ToDoListApp.swift in Sources */,
				81A351C22BAA354000A25206 /* ToDoList.xcdatamodeld in Sources */,
				81A351EA2BAC6EBA00A25206 /* IconNames.swift in Sources */,
			);
			runOnlyForDeploymentPostprocessing = 0;
		};
/* End PBXSourcesBuildPhase section */

/* Begin XCBuildConfiguration section */
		81A351C32BAA354000A25206 /* Debug */ = {
			isa = XCBuildConfiguration;
			buildSettings = {
				ALWAYS_SEARCH_USER_PATHS = NO;
				ASSETCATALOG_COMPILER_GENERATE_SWIFT_ASSET_SYMBOL_EXTENSIONS = YES;
				CLANG_ANALYZER_NONNULL = YES;
				CLANG_ANALYZER_NUMBER_OBJECT_CONVERSION = YES_AGGRESSIVE;
				CLANG_CXX_LANGUAGE_STANDARD = "gnu++20";
				CLANG_ENABLE_MODULES = YES;
				CLANG_ENABLE_OBJC_ARC = YES;
				CLANG_ENABLE_OBJC_WEAK = YES;
				CLANG_WARN_BLOCK_CAPTURE_AUTORELEASING = YES;
				CLANG_WARN_BOOL_CONVERSION = YES;
				CLANG_WARN_COMMA = YES;
				CLANG_WARN_CONSTANT_CONVERSION = YES;
				CLANG_WARN_DEPRECATED_OBJC_IMPLEMENTATIONS = YES;
				CLANG_WARN_DIRECT_OBJC_ISA_USAGE = YES_ERROR;
				CLANG_WARN_DOCUMENTATION_COMMENTS = YES;
				CLANG_WARN_EMPTY_BODY = YES;
				CLANG_WARN_ENUM_CONVERSION = YES;
				CLANG_WARN_INFINITE_RECURSION = YES;
				CLANG_WARN_INT_CONVERSION = YES;
				CLANG_WARN_NON_LITERAL_NULL_CONVERSION = YES;
				CLANG_WARN_OBJC_IMPLICIT_RETAIN_SELF = YES;
				CLANG_WARN_OBJC_LITERAL_CONVERSION = YES;
				CLANG_WARN_OBJC_ROOT_CLASS = YES_ERROR;
				CLANG_WARN_QUOTED_INCLUDE_IN_FRAMEWORK_HEADER = YES;
				CLANG_WARN_RANGE_LOOP_ANALYSIS = YES;
				CLANG_WARN_STRICT_PROTOTYPES = YES;
				CLANG_WARN_SUSPICIOUS_MOVE = YES;
				CLANG_WARN_UNGUARDED_AVAILABILITY = YES_AGGRESSIVE;
				CLANG_WARN_UNREACHABLE_CODE = YES;
				CLANG_WARN__DUPLICATE_METHOD_MATCH = YES;
				COPY_PHASE_STRIP = NO;
				DEBUG_INFORMATION_FORMAT = dwarf;
				ENABLE_STRICT_OBJC_MSGSEND = YES;
				ENABLE_TESTABILITY = YES;
				ENABLE_USER_SCRIPT_SANDBOXING = YES;
				GCC_C_LANGUAGE_STANDARD = gnu17;
				GCC_DYNAMIC_NO_PIC = NO;
				GCC_NO_COMMON_BLOCKS = YES;
				GCC_OPTIMIZATION_LEVEL = 0;
				GCC_PREPROCESSOR_DEFINITIONS = (
					"DEBUG=1",
					"$(inherited)",
				);
				GCC_WARN_64_TO_32_BIT_CONVERSION = YES;
				GCC_WARN_ABOUT_RETURN_TYPE = YES_ERROR;
				GCC_WARN_UNDECLARED_SELECTOR = YES;
				GCC_WARN_UNINITIALIZED_AUTOS = YES_AGGRESSIVE;
				GCC_WARN_UNUSED_FUNCTION = YES;
				GCC_WARN_UNUSED_VARIABLE = YES;
				IPHONEOS_DEPLOYMENT_TARGET = 17.4;
				LOCALIZATION_PREFERS_STRING_CATALOGS = YES;
				MTL_ENABLE_DEBUG_INFO = INCLUDE_SOURCE;
				MTL_FAST_MATH = YES;
				ONLY_ACTIVE_ARCH = YES;
				SDKROOT = iphoneos;
				SWIFT_ACTIVE_COMPILATION_CONDITIONS = "DEBUG $(inherited)";
				SWIFT_OPTIMIZATION_LEVEL = "-Onone";
			};
			name = Debug;
		};
		81A351C42BAA354000A25206 /* Release */ = {
			isa = XCBuildConfiguration;
			buildSettings = {
				ALWAYS_SEARCH_USER_PATHS = NO;
				ASSETCATALOG_COMPILER_GENERATE_SWIFT_ASSET_SYMBOL_EXTENSIONS = YES;
				CLANG_ANALYZER_NONNULL = YES;
				CLANG_ANALYZER_NUMBER_OBJECT_CONVERSION = YES_AGGRESSIVE;
				CLANG_CXX_LANGUAGE_STANDARD = "gnu++20";
				CLANG_ENABLE_MODULES = YES;
				CLANG_ENABLE_OBJC_ARC = YES;
				CLANG_ENABLE_OBJC_WEAK = YES;
				CLANG_WARN_BLOCK_CAPTURE_AUTORELEASING = YES;
				CLANG_WARN_BOOL_CONVERSION = YES;
				CLANG_WARN_COMMA = YES;
				CLANG_WARN_CONSTANT_CONVERSION = YES;
				CLANG_WARN_DEPRECATED_OBJC_IMPLEMENTATIONS = YES;
				CLANG_WARN_DIRECT_OBJC_ISA_USAGE = YES_ERROR;
				CLANG_WARN_DOCUMENTATION_COMMENTS = YES;
				CLANG_WARN_EMPTY_BODY = YES;
				CLANG_WARN_ENUM_CONVERSION = YES;
				CLANG_WARN_INFINITE_RECURSION = YES;
				CLANG_WARN_INT_CONVERSION = YES;
				CLANG_WARN_NON_LITERAL_NULL_CONVERSION = YES;
				CLANG_WARN_OBJC_IMPLICIT_RETAIN_SELF = YES;
				CLANG_WARN_OBJC_LITERAL_CONVERSION = YES;
				CLANG_WARN_OBJC_ROOT_CLASS = YES_ERROR;
				CLANG_WARN_QUOTED_INCLUDE_IN_FRAMEWORK_HEADER = YES;
				CLANG_WARN_RANGE_LOOP_ANALYSIS = YES;
				CLANG_WARN_STRICT_PROTOTYPES = YES;
				CLANG_WARN_SUSPICIOUS_MOVE = YES;
				CLANG_WARN_UNGUARDED_AVAILABILITY = YES_AGGRESSIVE;
				CLANG_WARN_UNREACHABLE_CODE = YES;
				CLANG_WARN__DUPLICATE_METHOD_MATCH = YES;
				COPY_PHASE_STRIP = NO;
				DEBUG_INFORMATION_FORMAT = "dwarf-with-dsym";
				ENABLE_NS_ASSERTIONS = NO;
				ENABLE_STRICT_OBJC_MSGSEND = YES;
				ENABLE_USER_SCRIPT_SANDBOXING = YES;
				GCC_C_LANGUAGE_STANDARD = gnu17;
				GCC_NO_COMMON_BLOCKS = YES;
				GCC_WARN_64_TO_32_BIT_CONVERSION = YES;
				GCC_WARN_ABOUT_RETURN_TYPE = YES_ERROR;
				GCC_WARN_UNDECLARED_SELECTOR = YES;
				GCC_WARN_UNINITIALIZED_AUTOS = YES_AGGRESSIVE;
				GCC_WARN_UNUSED_FUNCTION = YES;
				GCC_WARN_UNUSED_VARIABLE = YES;
				IPHONEOS_DEPLOYMENT_TARGET = 17.4;
				LOCALIZATION_PREFERS_STRING_CATALOGS = YES;
				MTL_ENABLE_DEBUG_INFO = NO;
				MTL_FAST_MATH = YES;
				SDKROOT = iphoneos;
				SWIFT_COMPILATION_MODE = wholemodule;
				VALIDATE_PRODUCT = YES;
			};
			name = Release;
		};
		81A351C62BAA354000A25206 /* Debug */ = {
			isa = XCBuildConfiguration;
			buildSettings = {
				ASSETCATALOG_COMPILER_APPICON_NAME = AppIcon;
				ASSETCATALOG_COMPILER_GLOBAL_ACCENT_COLOR_NAME = AccentColor;
				CODE_SIGN_STYLE = Automatic;
				CURRENT_PROJECT_VERSION = 1;
				DEVELOPMENT_ASSET_PATHS = "\"ToDoList/Preview Content\"";
				ENABLE_PREVIEWS = YES;
				GENERATE_INFOPLIST_FILE = YES;
				INFOPLIST_FILE = ToDoList/Info.plist;
				INFOPLIST_KEY_UIApplicationSceneManifest_Generation = YES;
				INFOPLIST_KEY_UIApplicationSupportsIndirectInputEvents = YES;
				INFOPLIST_KEY_UILaunchScreen_Generation = YES;
				INFOPLIST_KEY_UILaunchStoryboardName = "Launch Screen.storyboard";
				INFOPLIST_KEY_UISupportedInterfaceOrientations = UIInterfaceOrientationPortrait;
				LD_RUNPATH_SEARCH_PATHS = (
					"$(inherited)",
					"@executable_path/Frameworks",
				);
				MARKETING_VERSION = 1.0;
				PRODUCT_BUNDLE_IDENTIFIER = aoo.ToDoList;
				PRODUCT_NAME = "$(TARGET_NAME)";
				SWIFT_EMIT_LOC_STRINGS = YES;
				SWIFT_VERSION = 5.0;
				TARGETED_DEVICE_FAMILY = "1,2";
			};
			name = Debug;
		};
		81A351C72BAA354000A25206 /* Release */ = {
			isa = XCBuildConfiguration;
			buildSettings = {
				ASSETCATALOG_COMPILER_APPICON_NAME = AppIcon;
				ASSETCATALOG_COMPILER_GLOBAL_ACCENT_COLOR_NAME = AccentColor;
				CODE_SIGN_STYLE = Automatic;
				CURRENT_PROJECT_VERSION = 1;
				DEVELOPMENT_ASSET_PATHS = "\"ToDoList/Preview Content\"";
				ENABLE_PREVIEWS = YES;
				GENERATE_INFOPLIST_FILE = YES;
				INFOPLIST_FILE = ToDoList/Info.plist;
				INFOPLIST_KEY_UIApplicationSceneManifest_Generation = YES;
				INFOPLIST_KEY_UIApplicationSupportsIndirectInputEvents = YES;
				INFOPLIST_KEY_UILaunchScreen_Generation = YES;
				INFOPLIST_KEY_UILaunchStoryboardName = "Launch Screen.storyboard";
				INFOPLIST_KEY_UISupportedInterfaceOrientations = UIInterfaceOrientationPortrait;
				LD_RUNPATH_SEARCH_PATHS = (
					"$(inherited)",
					"@executable_path/Frameworks",
				);
				MARKETING_VERSION = 1.0;
				PRODUCT_BUNDLE_IDENTIFIER = aoo.ToDoList;
				PRODUCT_NAME = "$(TARGET_NAME)";
				SWIFT_EMIT_LOC_STRINGS = YES;
				SWIFT_VERSION = 5.0;
				TARGETED_DEVICE_FAMILY = "1,2";
			};
			name = Release;
		};
/* End XCBuildConfiguration section */

/* Begin XCConfigurationList section */
		81A351AD2BAA353F00A25206 /* Build configuration list for PBXProject "ToDoList" */ = {
			isa = XCConfigurationList;
			buildConfigurations = (
				81A351C32BAA354000A25206 /* Debug */,
				81A351C42BAA354000A25206 /* Release */,
			);
			defaultConfigurationIsVisible = 0;
			defaultConfigurationName = Release;
		};
		81A351C52BAA354000A25206 /* Build configuration list for PBXNativeTarget "ToDoList" */ = {
			isa = XCConfigurationList;
			buildConfigurations = (
				81A351C62BAA354000A25206 /* Debug */,
				81A351C72BAA354000A25206 /* Release */,
			);
			defaultConfigurationIsVisible = 0;
			defaultConfigurationName = Release;
		};
/* End XCConfigurationList section */

/* Begin XCVersionGroup section */
		81A351C02BAA354000A25206 /* ToDoList.xcdatamodeld */ = {
			isa = XCVersionGroup;
			children = (
				81A351C12BAA354000A25206 /* ToDoList.xcdatamodel */,
			);
			currentVersion = 81A351C12BAA354000A25206 /* ToDoList.xcdatamodel */;
			path = ToDoList.xcdatamodeld;
			sourceTree = "<group>";
			versionGroupType = wrapper.xcdatamodel;
		};
/* End XCVersionGroup section */
	};
	rootObject = 81A351AA2BAA353F00A25206 /* Project object */;
}
